// !$*UTF8*$!
{
	archiveVersion = 1;
	classes = {
	};
	objectVersion = 51;
	objects = {

/* Begin PBXBuildFile section */
		2FF9472906FEA08FE186DB67 /* Pods_AtomBPC_Demo_OSX.framework in Frameworks */ = {isa = PBXBuildFile; fileRef = 2D9CDEC4C3FC26855F9F6AEE /* Pods_AtomBPC_Demo_OSX.framework */; };
		7C0D78AC23325A2600DF7C52 /* CountriesService.swift in Sources */ = {isa = PBXBuildFile; fileRef = 7C0D78AB23325A2600DF7C52 /* CountriesService.swift */; };
		7C0D78AE23325A5000DF7C52 /* PackagesService.swift in Sources */ = {isa = PBXBuildFile; fileRef = 7C0D78AD23325A5000DF7C52 /* PackagesService.swift */; };
		7C0D78B023325B4200DF7C52 /* HelperMethods.swift in Sources */ = {isa = PBXBuildFile; fileRef = 7C0D78AF23325B4200DF7C52 /* HelperMethods.swift */; };
		7C0DBB75232BE47D003669F6 /* AppDelegate.swift in Sources */ = {isa = PBXBuildFile; fileRef = 7C0DBB74232BE47D003669F6 /* AppDelegate.swift */; };
		7C0DBB77232BE47D003669F6 /* MainViewController.swift in Sources */ = {isa = PBXBuildFile; fileRef = 7C0DBB76232BE47D003669F6 /* MainViewController.swift */; };
		7C0DBB79232BE480003669F6 /* Assets.xcassets in Resources */ = {isa = PBXBuildFile; fileRef = 7C0DBB78232BE480003669F6 /* Assets.xcassets */; };
		7C0DBB7C232BE480003669F6 /* Main.storyboard in Resources */ = {isa = PBXBuildFile; fileRef = 7C0DBB7A232BE480003669F6 /* Main.storyboard */; };
		7C0DBB9D232F635F003669F6 /* NSViewController+CustomSegue.swift in Sources */ = {isa = PBXBuildFile; fileRef = 7C0DBB94232F635F003669F6 /* NSViewController+CustomSegue.swift */; };
		7C0DBB9E232F635F003669F6 /* ReplaceWindowContentSegue.swift in Sources */ = {isa = PBXBuildFile; fileRef = 7C0DBB95232F635F003669F6 /* ReplaceWindowContentSegue.swift */; };
		7C0DBB9F232F635F003669F6 /* TablePopoverSegue.swift in Sources */ = {isa = PBXBuildFile; fileRef = 7C0DBB96232F635F003669F6 /* TablePopoverSegue.swift */; };
		7C0DBBA0232F635F003669F6 /* TransitionFromViewSegue.swift in Sources */ = {isa = PBXBuildFile; fileRef = 7C0DBB97232F635F003669F6 /* TransitionFromViewSegue.swift */; };
		7C0DBBA1232F635F003669F6 /* ChildWindowSegue.swift in Sources */ = {isa = PBXBuildFile; fileRef = 7C0DBB98232F635F003669F6 /* ChildWindowSegue.swift */; };
		7C0DBBA2232F635F003669F6 /* DismissSegue.swift in Sources */ = {isa = PBXBuildFile; fileRef = 7C0DBB99232F635F003669F6 /* DismissSegue.swift */; };
		7C0DBBA3232F635F003669F6 /* PresentWithAnimatorSegue.swift in Sources */ = {isa = PBXBuildFile; fileRef = 7C0DBB9A232F635F003669F6 /* PresentWithAnimatorSegue.swift */; };
		7C0DBBA4232F635F003669F6 /* SplitViewSegue.swift in Sources */ = {isa = PBXBuildFile; fileRef = 7C0DBB9B232F635F003669F6 /* SplitViewSegue.swift */; };
		7C0DBBA5232F635F003669F6 /* TransitionAnimator.swift in Sources */ = {isa = PBXBuildFile; fileRef = 7C0DBB9C232F635F003669F6 /* TransitionAnimator.swift */; };
		7C0DBBAB232F6606003669F6 /* BaseViewModel.swift in Sources */ = {isa = PBXBuildFile; fileRef = 7C0DBBA9232F6606003669F6 /* BaseViewModel.swift */; };
		7C0DBBAC232F6606003669F6 /* BaseViewController.swift in Sources */ = {isa = PBXBuildFile; fileRef = 7C0DBBAA232F6606003669F6 /* BaseViewController.swift */; };
		7C0DBBAF232F66B6003669F6 /* Constants.swift in Sources */ = {isa = PBXBuildFile; fileRef = 7C0DBBAE232F66B6003669F6 /* Constants.swift */; };
		7C0DBBB1232F6757003669F6 /* DynamicBinding.swift in Sources */ = {isa = PBXBuildFile; fileRef = 7C0DBBB0232F6757003669F6 /* DynamicBinding.swift */; };
		7C0DBBB4232FA82F003669F6 /* AtomValidation.swift in Sources */ = {isa = PBXBuildFile; fileRef = 7C0DBBB3232FA82F003669F6 /* AtomValidation.swift */; };
		7C0DBBB7232FB478003669F6 /* Dashboard.storyboard in Resources */ = {isa = PBXBuildFile; fileRef = 7C0DBBB6232FB478003669F6 /* Dashboard.storyboard */; };
		7C0DBBB9232FB480003669F6 /* DashboardViewController.swift in Sources */ = {isa = PBXBuildFile; fileRef = 7C0DBBB8232FB480003669F6 /* DashboardViewController.swift */; };
		7C0DBBBB232FB489003669F6 /* DashboardViewModel.swift in Sources */ = {isa = PBXBuildFile; fileRef = 7C0DBBBA232FB489003669F6 /* DashboardViewModel.swift */; };
		7C0DBBBE232FB9AA003669F6 /* CountriesViewController.swift in Sources */ = {isa = PBXBuildFile; fileRef = 7C0DBBBD232FB9AA003669F6 /* CountriesViewController.swift */; };
		7C0DBBC0232FB9B0003669F6 /* CountriesViewModel.swift in Sources */ = {isa = PBXBuildFile; fileRef = 7C0DBBBF232FB9B0003669F6 /* CountriesViewModel.swift */; };
		7C0DBBC2232FB9B7003669F6 /* Countries.storyboard in Resources */ = {isa = PBXBuildFile; fileRef = 7C0DBBC1232FB9B6003669F6 /* Countries.storyboard */; };
		7C0DBBC5232FB9C1003669F6 /* CountriesTableViewDataSource.swift in Sources */ = {isa = PBXBuildFile; fileRef = 7C0DBBC3232FB9C1003669F6 /* CountriesTableViewDataSource.swift */; };
		7C0DBBC6232FB9C1003669F6 /* ConfigureCountriesCell.swift in Sources */ = {isa = PBXBuildFile; fileRef = 7C0DBBC4232FB9C1003669F6 /* ConfigureCountriesCell.swift */; };
		7C0DBBC9232FBB24003669F6 /* VPNManager.swift in Sources */ = {isa = PBXBuildFile; fileRef = 7C0DBBC8232FBB24003669F6 /* VPNManager.swift */; };
		7C0DBBD3232FD262003669F6 /* ProtocolsTableViewDataSource.swift in Sources */ = {isa = PBXBuildFile; fileRef = 7C0DBBCE232FD261003669F6 /* ProtocolsTableViewDataSource.swift */; };
		7C0DBBD4232FD262003669F6 /* ConfigureProtocolsCell.swift in Sources */ = {isa = PBXBuildFile; fileRef = 7C0DBBCF232FD261003669F6 /* ConfigureProtocolsCell.swift */; };
		7C0DBBD5232FD262003669F6 /* ProtocolsListing.storyboard in Resources */ = {isa = PBXBuildFile; fileRef = 7C0DBBD0232FD261003669F6 /* ProtocolsListing.storyboard */; };
		7C0DBBD6232FD262003669F6 /* ProtocolsListingViewModel.swift in Sources */ = {isa = PBXBuildFile; fileRef = 7C0DBBD1232FD261003669F6 /* ProtocolsListingViewModel.swift */; };
		7C0DBBD7232FD262003669F6 /* ProtocolsListingViewController.swift in Sources */ = {isa = PBXBuildFile; fileRef = 7C0DBBD2232FD261003669F6 /* ProtocolsListingViewController.swift */; };
		7C0DBBDF2330B7B4003669F6 /* PackagesListingViewController.swift in Sources */ = {isa = PBXBuildFile; fileRef = 7C0DBBDA2330B7B4003669F6 /* PackagesListingViewController.swift */; };
		7C0DBBE02330B7B4003669F6 /* PackagesTableViewDataSource.swift in Sources */ = {isa = PBXBuildFile; fileRef = 7C0DBBDB2330B7B4003669F6 /* PackagesTableViewDataSource.swift */; };
		7C0DBBE12330B7B4003669F6 /* PackagesListingViewModel.swift in Sources */ = {isa = PBXBuildFile; fileRef = 7C0DBBDC2330B7B4003669F6 /* PackagesListingViewModel.swift */; };
		7C0DBBE22330B7B4003669F6 /* ConfigurePackagesCell.swift in Sources */ = {isa = PBXBuildFile; fileRef = 7C0DBBDD2330B7B4003669F6 /* ConfigurePackagesCell.swift */; };
		7C0DBBE32330B7B4003669F6 /* PackagesListing.storyboard in Resources */ = {isa = PBXBuildFile; fileRef = 7C0DBBDE2330B7B4003669F6 /* PackagesListing.storyboard */; };
		7C0DBBF12331035B003669F6 /* NetworkExtension.framework in Frameworks */ = {isa = PBXBuildFile; fileRef = 7C0DBBF02331035B003669F6 /* NetworkExtension.framework */; };
		7C0DBBF82332543E003669F6 /* VpnProtocolsServiceProtocol.swift in Sources */ = {isa = PBXBuildFile; fileRef = 7C0DBBF72332543E003669F6 /* VpnProtocolsServiceProtocol.swift */; };
		7C0DBBFA23325450003669F6 /* PackagesServiceProtocol.swift in Sources */ = {isa = PBXBuildFile; fileRef = 7C0DBBF923325450003669F6 /* PackagesServiceProtocol.swift */; };
		7C0DBBFC23325463003669F6 /* CountriesServiceProtocol.swift in Sources */ = {isa = PBXBuildFile; fileRef = 7C0DBBFB23325463003669F6 /* CountriesServiceProtocol.swift */; };
		7C0DBBFE233255AE003669F6 /* VpnProtocolsService.swift in Sources */ = {isa = PBXBuildFile; fileRef = 7C0DBBFD233255AE003669F6 /* VpnProtocolsService.swift */; };
		7C888EEF2334A64400ED2E01 /* MainViewModel.swift in Sources */ = {isa = PBXBuildFile; fileRef = 7C888EEE2334A64400ED2E01 /* MainViewModel.swift */; };
		7C888EF22334AA8800ED2E01 /* Credntials.storyboard in Resources */ = {isa = PBXBuildFile; fileRef = 7C888EF12334AA8800ED2E01 /* Credntials.storyboard */; };
		7C888EF42334ABD800ED2E01 /* CredentialsViewController.swift in Sources */ = {isa = PBXBuildFile; fileRef = 7C888EF32334ABD800ED2E01 /* CredentialsViewController.swift */; };
/* End PBXBuildFile section */

/* Begin PBXFileReference section */
		2D9CDEC4C3FC26855F9F6AEE /* Pods_AtomBPC_Demo_OSX.framework */ = {isa = PBXFileReference; explicitFileType = wrapper.framework; includeInIndex = 0; path = Pods_AtomBPC_Demo_OSX.framework; sourceTree = BUILT_PRODUCTS_DIR; };
		4A87887EC6313E28B3F334B2 /* Pods-AtomBPC Demo OSX.release.xcconfig */ = {isa = PBXFileReference; includeInIndex = 1; lastKnownFileType = text.xcconfig; name = "Pods-AtomBPC Demo OSX.release.xcconfig"; path = "Target Support Files/Pods-AtomBPC Demo OSX/Pods-AtomBPC Demo OSX.release.xcconfig"; sourceTree = "<group>"; };
		6FCD022908780A14DF61132F /* Pods-AtomBPC Demo OSX.debug.xcconfig */ = {isa = PBXFileReference; includeInIndex = 1; lastKnownFileType = text.xcconfig; name = "Pods-AtomBPC Demo OSX.debug.xcconfig"; path = "Target Support Files/Pods-AtomBPC Demo OSX/Pods-AtomBPC Demo OSX.debug.xcconfig"; sourceTree = "<group>"; };
		7C0D78AB23325A2600DF7C52 /* CountriesService.swift */ = {isa = PBXFileReference; lastKnownFileType = sourcecode.swift; path = CountriesService.swift; sourceTree = "<group>"; };
		7C0D78AD23325A5000DF7C52 /* PackagesService.swift */ = {isa = PBXFileReference; lastKnownFileType = sourcecode.swift; path = PackagesService.swift; sourceTree = "<group>"; };
		7C0D78AF23325B4200DF7C52 /* HelperMethods.swift */ = {isa = PBXFileReference; lastKnownFileType = sourcecode.swift; path = HelperMethods.swift; sourceTree = "<group>"; };
		7C0DBB71232BE47D003669F6 /* AtomBPC Demo OSX.app */ = {isa = PBXFileReference; explicitFileType = wrapper.application; includeInIndex = 0; path = "AtomBPC Demo OSX.app"; sourceTree = BUILT_PRODUCTS_DIR; };
		7C0DBB74232BE47D003669F6 /* AppDelegate.swift */ = {isa = PBXFileReference; lastKnownFileType = sourcecode.swift; path = AppDelegate.swift; sourceTree = "<group>"; };
		7C0DBB76232BE47D003669F6 /* MainViewController.swift */ = {isa = PBXFileReference; lastKnownFileType = sourcecode.swift; path = MainViewController.swift; sourceTree = "<group>"; };
		7C0DBB78232BE480003669F6 /* Assets.xcassets */ = {isa = PBXFileReference; lastKnownFileType = folder.assetcatalog; path = Assets.xcassets; sourceTree = "<group>"; };
		7C0DBB7B232BE480003669F6 /* Base */ = {isa = PBXFileReference; lastKnownFileType = file.storyboard; name = Base; path = Base.lproj/Main.storyboard; sourceTree = "<group>"; };
		7C0DBB7D232BE480003669F6 /* Info.plist */ = {isa = PBXFileReference; lastKnownFileType = text.plist.xml; path = Info.plist; sourceTree = "<group>"; };
		7C0DBB7E232BE480003669F6 /* AtomBPC_Demo_OSX.entitlements */ = {isa = PBXFileReference; lastKnownFileType = text.plist.entitlements; path = AtomBPC_Demo_OSX.entitlements; sourceTree = "<group>"; };
		7C0DBB84232BE493003669F6 /* AtomBPC Demo OSX.entitlements */ = {isa = PBXFileReference; lastKnownFileType = text.plist.entitlements; path = "AtomBPC Demo OSX.entitlements"; sourceTree = "<group>"; };
		7C0DBB94232F635F003669F6 /* NSViewController+CustomSegue.swift */ = {isa = PBXFileReference; fileEncoding = 4; lastKnownFileType = sourcecode.swift; path = "NSViewController+CustomSegue.swift"; sourceTree = "<group>"; };
		7C0DBB95232F635F003669F6 /* ReplaceWindowContentSegue.swift */ = {isa = PBXFileReference; fileEncoding = 4; lastKnownFileType = sourcecode.swift; path = ReplaceWindowContentSegue.swift; sourceTree = "<group>"; };
		7C0DBB96232F635F003669F6 /* TablePopoverSegue.swift */ = {isa = PBXFileReference; fileEncoding = 4; lastKnownFileType = sourcecode.swift; path = TablePopoverSegue.swift; sourceTree = "<group>"; };
		7C0DBB97232F635F003669F6 /* TransitionFromViewSegue.swift */ = {isa = PBXFileReference; fileEncoding = 4; lastKnownFileType = sourcecode.swift; path = TransitionFromViewSegue.swift; sourceTree = "<group>"; };
		7C0DBB98232F635F003669F6 /* ChildWindowSegue.swift */ = {isa = PBXFileReference; fileEncoding = 4; lastKnownFileType = sourcecode.swift; path = ChildWindowSegue.swift; sourceTree = "<group>"; };
		7C0DBB99232F635F003669F6 /* DismissSegue.swift */ = {isa = PBXFileReference; fileEncoding = 4; lastKnownFileType = sourcecode.swift; path = DismissSegue.swift; sourceTree = "<group>"; };
		7C0DBB9A232F635F003669F6 /* PresentWithAnimatorSegue.swift */ = {isa = PBXFileReference; fileEncoding = 4; lastKnownFileType = sourcecode.swift; path = PresentWithAnimatorSegue.swift; sourceTree = "<group>"; };
		7C0DBB9B232F635F003669F6 /* SplitViewSegue.swift */ = {isa = PBXFileReference; fileEncoding = 4; lastKnownFileType = sourcecode.swift; path = SplitViewSegue.swift; sourceTree = "<group>"; };
		7C0DBB9C232F635F003669F6 /* TransitionAnimator.swift */ = {isa = PBXFileReference; fileEncoding = 4; lastKnownFileType = sourcecode.swift; path = TransitionAnimator.swift; sourceTree = "<group>"; };
		7C0DBBA9232F6606003669F6 /* BaseViewModel.swift */ = {isa = PBXFileReference; fileEncoding = 4; lastKnownFileType = sourcecode.swift; path = BaseViewModel.swift; sourceTree = "<group>"; };
		7C0DBBAA232F6606003669F6 /* BaseViewController.swift */ = {isa = PBXFileReference; fileEncoding = 4; lastKnownFileType = sourcecode.swift; path = BaseViewController.swift; sourceTree = "<group>"; };
		7C0DBBAE232F66B6003669F6 /* Constants.swift */ = {isa = PBXFileReference; fileEncoding = 4; lastKnownFileType = sourcecode.swift; path = Constants.swift; sourceTree = "<group>"; };
		7C0DBBB0232F6757003669F6 /* DynamicBinding.swift */ = {isa = PBXFileReference; fileEncoding = 4; lastKnownFileType = sourcecode.swift; path = DynamicBinding.swift; sourceTree = "<group>"; };
		7C0DBBB3232FA82F003669F6 /* AtomValidation.swift */ = {isa = PBXFileReference; fileEncoding = 4; lastKnownFileType = sourcecode.swift; path = AtomValidation.swift; sourceTree = "<group>"; };
		7C0DBBB6232FB478003669F6 /* Dashboard.storyboard */ = {isa = PBXFileReference; fileEncoding = 4; lastKnownFileType = file.storyboard; path = Dashboard.storyboard; sourceTree = "<group>"; };
		7C0DBBB8232FB480003669F6 /* DashboardViewController.swift */ = {isa = PBXFileReference; fileEncoding = 4; lastKnownFileType = sourcecode.swift; path = DashboardViewController.swift; sourceTree = "<group>"; };
		7C0DBBBA232FB489003669F6 /* DashboardViewModel.swift */ = {isa = PBXFileReference; fileEncoding = 4; lastKnownFileType = sourcecode.swift; path = DashboardViewModel.swift; sourceTree = "<group>"; };
		7C0DBBBD232FB9AA003669F6 /* CountriesViewController.swift */ = {isa = PBXFileReference; fileEncoding = 4; lastKnownFileType = sourcecode.swift; path = CountriesViewController.swift; sourceTree = "<group>"; };
		7C0DBBBF232FB9B0003669F6 /* CountriesViewModel.swift */ = {isa = PBXFileReference; fileEncoding = 4; lastKnownFileType = sourcecode.swift; path = CountriesViewModel.swift; sourceTree = "<group>"; };
		7C0DBBC1232FB9B6003669F6 /* Countries.storyboard */ = {isa = PBXFileReference; fileEncoding = 4; lastKnownFileType = file.storyboard; path = Countries.storyboard; sourceTree = "<group>"; };
		7C0DBBC3232FB9C1003669F6 /* CountriesTableViewDataSource.swift */ = {isa = PBXFileReference; fileEncoding = 4; lastKnownFileType = sourcecode.swift; path = CountriesTableViewDataSource.swift; sourceTree = "<group>"; };
		7C0DBBC4232FB9C1003669F6 /* ConfigureCountriesCell.swift */ = {isa = PBXFileReference; fileEncoding = 4; lastKnownFileType = sourcecode.swift; path = ConfigureCountriesCell.swift; sourceTree = "<group>"; };
		7C0DBBC8232FBB24003669F6 /* VPNManager.swift */ = {isa = PBXFileReference; fileEncoding = 4; lastKnownFileType = sourcecode.swift; path = VPNManager.swift; sourceTree = "<group>"; };
		7C0DBBCE232FD261003669F6 /* ProtocolsTableViewDataSource.swift */ = {isa = PBXFileReference; fileEncoding = 4; lastKnownFileType = sourcecode.swift; path = ProtocolsTableViewDataSource.swift; sourceTree = "<group>"; };
		7C0DBBCF232FD261003669F6 /* ConfigureProtocolsCell.swift */ = {isa = PBXFileReference; fileEncoding = 4; lastKnownFileType = sourcecode.swift; path = ConfigureProtocolsCell.swift; sourceTree = "<group>"; };
		7C0DBBD0232FD261003669F6 /* ProtocolsListing.storyboard */ = {isa = PBXFileReference; fileEncoding = 4; lastKnownFileType = file.storyboard; path = ProtocolsListing.storyboard; sourceTree = "<group>"; };
		7C0DBBD1232FD261003669F6 /* ProtocolsListingViewModel.swift */ = {isa = PBXFileReference; fileEncoding = 4; lastKnownFileType = sourcecode.swift; path = ProtocolsListingViewModel.swift; sourceTree = "<group>"; };
		7C0DBBD2232FD261003669F6 /* ProtocolsListingViewController.swift */ = {isa = PBXFileReference; fileEncoding = 4; lastKnownFileType = sourcecode.swift; path = ProtocolsListingViewController.swift; sourceTree = "<group>"; };
		7C0DBBDA2330B7B4003669F6 /* PackagesListingViewController.swift */ = {isa = PBXFileReference; fileEncoding = 4; lastKnownFileType = sourcecode.swift; path = PackagesListingViewController.swift; sourceTree = "<group>"; };
		7C0DBBDB2330B7B4003669F6 /* PackagesTableViewDataSource.swift */ = {isa = PBXFileReference; fileEncoding = 4; lastKnownFileType = sourcecode.swift; path = PackagesTableViewDataSource.swift; sourceTree = "<group>"; };
		7C0DBBDC2330B7B4003669F6 /* PackagesListingViewModel.swift */ = {isa = PBXFileReference; fileEncoding = 4; lastKnownFileType = sourcecode.swift; path = PackagesListingViewModel.swift; sourceTree = "<group>"; };
		7C0DBBDD2330B7B4003669F6 /* ConfigurePackagesCell.swift */ = {isa = PBXFileReference; fileEncoding = 4; lastKnownFileType = sourcecode.swift; path = ConfigurePackagesCell.swift; sourceTree = "<group>"; };
		7C0DBBDE2330B7B4003669F6 /* PackagesListing.storyboard */ = {isa = PBXFileReference; fileEncoding = 4; lastKnownFileType = file.storyboard; path = PackagesListing.storyboard; sourceTree = "<group>"; };
		7C0DBBF02331035B003669F6 /* NetworkExtension.framework */ = {isa = PBXFileReference; lastKnownFileType = wrapper.framework; name = NetworkExtension.framework; path = System/Library/Frameworks/NetworkExtension.framework; sourceTree = SDKROOT; };
		7C0DBBF72332543E003669F6 /* VpnProtocolsServiceProtocol.swift */ = {isa = PBXFileReference; lastKnownFileType = sourcecode.swift; path = VpnProtocolsServiceProtocol.swift; sourceTree = "<group>"; };
		7C0DBBF923325450003669F6 /* PackagesServiceProtocol.swift */ = {isa = PBXFileReference; lastKnownFileType = sourcecode.swift; path = PackagesServiceProtocol.swift; sourceTree = "<group>"; };
		7C0DBBFB23325463003669F6 /* CountriesServiceProtocol.swift */ = {isa = PBXFileReference; lastKnownFileType = sourcecode.swift; path = CountriesServiceProtocol.swift; sourceTree = "<group>"; };
		7C0DBBFD233255AE003669F6 /* VpnProtocolsService.swift */ = {isa = PBXFileReference; lastKnownFileType = sourcecode.swift; path = VpnProtocolsService.swift; sourceTree = "<group>"; };
		7C888EEE2334A64400ED2E01 /* MainViewModel.swift */ = {isa = PBXFileReference; lastKnownFileType = sourcecode.swift; path = MainViewModel.swift; sourceTree = "<group>"; };
		7C888EF12334AA8800ED2E01 /* Credntials.storyboard */ = {isa = PBXFileReference; lastKnownFileType = file.storyboard; path = Credntials.storyboard; sourceTree = "<group>"; };
		7C888EF32334ABD800ED2E01 /* CredentialsViewController.swift */ = {isa = PBXFileReference; lastKnownFileType = sourcecode.swift; path = CredentialsViewController.swift; sourceTree = "<group>"; };
/* End PBXFileReference section */

/* Begin PBXFrameworksBuildPhase section */
		7C0DBB6E232BE47D003669F6 /* Frameworks */ = {
			isa = PBXFrameworksBuildPhase;
			buildActionMask = 2147483647;
			files = (
				2FF9472906FEA08FE186DB67 /* Pods_AtomBPC_Demo_OSX.framework in Frameworks */,
				7C0DBBF12331035B003669F6 /* NetworkExtension.framework in Frameworks */,
			);
			runOnlyForDeploymentPostprocessing = 0;
		};
/* End PBXFrameworksBuildPhase section */

/* Begin PBXGroup section */
		76275786BAB084CEBA223769 /* Pods */ = {
			isa = PBXGroup;
			children = (
				6FCD022908780A14DF61132F /* Pods-AtomBPC Demo OSX.debug.xcconfig */,
				4A87887EC6313E28B3F334B2 /* Pods-AtomBPC Demo OSX.release.xcconfig */,
			);
			path = Pods;
			sourceTree = "<group>";
		};
		7C0DBB68232BE47D003669F6 = {
			isa = PBXGroup;
			children = (
				7C0DBB73232BE47D003669F6 /* AtomBPC Demo OSX */,
				7C0DBB72232BE47D003669F6 /* Products */,
				76275786BAB084CEBA223769 /* Pods */,
				B39DF88AB35844EB42677546 /* Frameworks */,
			);
			sourceTree = "<group>";
		};
		7C0DBB72232BE47D003669F6 /* Products */ = {
			isa = PBXGroup;
			children = (
				7C0DBB71232BE47D003669F6 /* AtomBPC Demo OSX.app */,
			);
			name = Products;
			sourceTree = "<group>";
		};
		7C0DBB73232BE47D003669F6 /* AtomBPC Demo OSX */ = {
			isa = PBXGroup;
			children = (
				7C0DBBA7232F6406003669F6 /* AppDelegate */,
				7C0DBBF623325408003669F6 /* Protocols */,
				7C0DBBC7232FBB1B003669F6 /* VPN */,
				7C0DBBAD232F66A8003669F6 /* Helper */,
				7C0DBBA8232F65E9003669F6 /* BaseClasses */,
				7C0DBBA6232F63C6003669F6 /* Main */,
				7C888EF02334AA5000ED2E01 /* Credentials */,
				7C0DBBB5232FB450003669F6 /* Dasboard */,
				7C0DBBD82330B755003669F6 /* Package Listing */,
				7C0DBBCD232FD20B003669F6 /* Protocol Listing */,
				7C0DBBBC232FB575003669F6 /* Country Listing */,
				7C0DBB89232F632A003669F6 /* SupportingFiles */,
				7C0DBB84232BE493003669F6 /* AtomBPC Demo OSX.entitlements */,
				7C0DBB78232BE480003669F6 /* Assets.xcassets */,
				7C0DBB7D232BE480003669F6 /* Info.plist */,
				7C0DBB7E232BE480003669F6 /* AtomBPC_Demo_OSX.entitlements */,
			);
			path = "AtomBPC Demo OSX";
			sourceTree = "<group>";
		};
		7C0DBB89232F632A003669F6 /* SupportingFiles */ = {
			isa = PBXGroup;
			children = (
				7C0DBB8A232F6342003669F6 /* CustomSegue */,
			);
			path = SupportingFiles;
			sourceTree = "<group>";
		};
		7C0DBB8A232F6342003669F6 /* CustomSegue */ = {
			isa = PBXGroup;
			children = (
				7C0DBB98232F635F003669F6 /* ChildWindowSegue.swift */,
				7C0DBB99232F635F003669F6 /* DismissSegue.swift */,
				7C0DBB94232F635F003669F6 /* NSViewController+CustomSegue.swift */,
				7C0DBB9A232F635F003669F6 /* PresentWithAnimatorSegue.swift */,
				7C0DBB95232F635F003669F6 /* ReplaceWindowContentSegue.swift */,
				7C0DBB9B232F635F003669F6 /* SplitViewSegue.swift */,
				7C0DBB96232F635F003669F6 /* TablePopoverSegue.swift */,
				7C0DBB9C232F635F003669F6 /* TransitionAnimator.swift */,
				7C0DBB97232F635F003669F6 /* TransitionFromViewSegue.swift */,
			);
			path = CustomSegue;
			sourceTree = "<group>";
		};
		7C0DBBA6232F63C6003669F6 /* Main */ = {
			isa = PBXGroup;
			children = (
				7C0DBB7A232BE480003669F6 /* Main.storyboard */,
				7C0DBB76232BE47D003669F6 /* MainViewController.swift */,
				7C888EEE2334A64400ED2E01 /* MainViewModel.swift */,
			);
			path = Main;
			sourceTree = "<group>";
		};
		7C0DBBA7232F6406003669F6 /* AppDelegate */ = {
			isa = PBXGroup;
			children = (
				7C0DBB74232BE47D003669F6 /* AppDelegate.swift */,
			);
			path = AppDelegate;
			sourceTree = "<group>";
		};
		7C0DBBA8232F65E9003669F6 /* BaseClasses */ = {
			isa = PBXGroup;
			children = (
				7C0DBBAA232F6606003669F6 /* BaseViewController.swift */,
				7C0DBBA9232F6606003669F6 /* BaseViewModel.swift */,
			);
			path = BaseClasses;
			sourceTree = "<group>";
		};
		7C0DBBAD232F66A8003669F6 /* Helper */ = {
			isa = PBXGroup;
			children = (
				7C0DBBB3232FA82F003669F6 /* AtomValidation.swift */,
				7C0D78AF23325B4200DF7C52 /* HelperMethods.swift */,
				7C0DBBAE232F66B6003669F6 /* Constants.swift */,
				7C0DBBB0232F6757003669F6 /* DynamicBinding.swift */,
			);
			path = Helper;
			sourceTree = "<group>";
		};
		7C0DBBB5232FB450003669F6 /* Dasboard */ = {
			isa = PBXGroup;
			children = (
				7C0DBBB6232FB478003669F6 /* Dashboard.storyboard */,
				7C0DBBB8232FB480003669F6 /* DashboardViewController.swift */,
				7C0DBBBA232FB489003669F6 /* DashboardViewModel.swift */,
			);
			path = Dasboard;
			sourceTree = "<group>";
		};
		7C0DBBBC232FB575003669F6 /* Country Listing */ = {
			isa = PBXGroup;
			children = (
				7C0DBBC1232FB9B6003669F6 /* Countries.storyboard */,
				7C0DBBBD232FB9AA003669F6 /* CountriesViewController.swift */,
				7C0DBBBF232FB9B0003669F6 /* CountriesViewModel.swift */,
				7C0D78AB23325A2600DF7C52 /* CountriesService.swift */,
				7C0DBBC3232FB9C1003669F6 /* CountriesTableViewDataSource.swift */,
				7C0DBBC4232FB9C1003669F6 /* ConfigureCountriesCell.swift */,
			);
			path = "Country Listing";
			sourceTree = "<group>";
		};
		7C0DBBC7232FBB1B003669F6 /* VPN */ = {
			isa = PBXGroup;
			children = (
				7C0DBBC8232FBB24003669F6 /* VPNManager.swift */,
			);
			path = VPN;
			sourceTree = "<group>";
		};
		7C0DBBCD232FD20B003669F6 /* Protocol Listing */ = {
			isa = PBXGroup;
			children = (
				7C0DBBD0232FD261003669F6 /* ProtocolsListing.storyboard */,
				7C0DBBD2232FD261003669F6 /* ProtocolsListingViewController.swift */,
				7C0DBBD1232FD261003669F6 /* ProtocolsListingViewModel.swift */,
				7C0DBBCE232FD261003669F6 /* ProtocolsTableViewDataSource.swift */,
				7C0DBBCF232FD261003669F6 /* ConfigureProtocolsCell.swift */,
				7C0DBBFD233255AE003669F6 /* VpnProtocolsService.swift */,
			);
			path = "Protocol Listing";
			sourceTree = "<group>";
		};
		7C0DBBD82330B755003669F6 /* Package Listing */ = {
			isa = PBXGroup;
			children = (
				7C0DBBDE2330B7B4003669F6 /* PackagesListing.storyboard */,
				7C0DBBDA2330B7B4003669F6 /* PackagesListingViewController.swift */,
				7C0DBBDC2330B7B4003669F6 /* PackagesListingViewModel.swift */,
				7C0D78AD23325A5000DF7C52 /* PackagesService.swift */,
				7C0DBBDB2330B7B4003669F6 /* PackagesTableViewDataSource.swift */,
				7C0DBBDD2330B7B4003669F6 /* ConfigurePackagesCell.swift */,
			);
			path = "Package Listing";
			sourceTree = "<group>";
		};
		7C0DBBF623325408003669F6 /* Protocols */ = {
			isa = PBXGroup;
			children = (
				7C0DBBF72332543E003669F6 /* VpnProtocolsServiceProtocol.swift */,
				7C0DBBF923325450003669F6 /* PackagesServiceProtocol.swift */,
				7C0DBBFB23325463003669F6 /* CountriesServiceProtocol.swift */,
			);
			path = Protocols;
			sourceTree = "<group>";
		};
		7C888EF02334AA5000ED2E01 /* Credentials */ = {
			isa = PBXGroup;
			children = (
				7C888EF12334AA8800ED2E01 /* Credntials.storyboard */,
				7C888EF32334ABD800ED2E01 /* CredentialsViewController.swift */,
			);
			path = Credentials;
			sourceTree = "<group>";
		};
		B39DF88AB35844EB42677546 /* Frameworks */ = {
			isa = PBXGroup;
			children = (
				7C0DBBF02331035B003669F6 /* NetworkExtension.framework */,
				2D9CDEC4C3FC26855F9F6AEE /* Pods_AtomBPC_Demo_OSX.framework */,
			);
			name = Frameworks;
			sourceTree = "<group>";
		};
/* End PBXGroup section */

/* Begin PBXNativeTarget section */
		7C0DBB70232BE47D003669F6 /* AtomBPC Demo OSX */ = {
			isa = PBXNativeTarget;
			buildConfigurationList = 7C0DBB81232BE480003669F6 /* Build configuration list for PBXNativeTarget "AtomBPC Demo OSX" */;
			buildPhases = (
				6DCA4EC48B8FEA9A03725E9C /* [CP] Check Pods Manifest.lock */,
				7C0DBB6D232BE47D003669F6 /* Sources */,
				7C0DBB6E232BE47D003669F6 /* Frameworks */,
				7C0DBB6F232BE47D003669F6 /* Resources */,
				36FED3DE5E22EAD8D3CD7DCB /* [CP] Embed Pods Frameworks */,
			);
			buildRules = (
			);
			dependencies = (
			);
			name = "AtomBPC Demo OSX";
			productName = "AtomBPC Demo OSX";
			productReference = 7C0DBB71232BE47D003669F6 /* AtomBPC Demo OSX.app */;
			productType = "com.apple.product-type.application";
		};
/* End PBXNativeTarget section */

/* Begin PBXProject section */
		7C0DBB69232BE47D003669F6 /* Project object */ = {
			isa = PBXProject;
			attributes = {
				LastSwiftUpdateCheck = 1020;
				LastUpgradeCheck = 1020;
				ORGANIZATIONNAME = "AtomBPC By Secure";
				TargetAttributes = {
					7C0DBB70232BE47D003669F6 = {
						CreatedOnToolsVersion = 10.2.1;
						SystemCapabilities = {
							com.apple.Sandbox = {
								enabled = 1;
							};
							com.apple.VPNLite = {
								enabled = 1;
							};
						};
					};
				};
			};
			buildConfigurationList = 7C0DBB6C232BE47D003669F6 /* Build configuration list for PBXProject "AtomBPC Demo OSX" */;
			compatibilityVersion = "Xcode 9.3";
			developmentRegion = en;
			hasScannedForEncodings = 0;
			knownRegions = (
				en,
				Base,
			);
			mainGroup = 7C0DBB68232BE47D003669F6;
			productRefGroup = 7C0DBB72232BE47D003669F6 /* Products */;
			projectDirPath = "";
			projectRoot = "";
			targets = (
				7C0DBB70232BE47D003669F6 /* AtomBPC Demo OSX */,
			);
		};
/* End PBXProject section */

/* Begin PBXResourcesBuildPhase section */
		7C0DBB6F232BE47D003669F6 /* Resources */ = {
			isa = PBXResourcesBuildPhase;
			buildActionMask = 2147483647;
			files = (
				7C888EF22334AA8800ED2E01 /* Credntials.storyboard in Resources */,
				7C0DBBD5232FD262003669F6 /* ProtocolsListing.storyboard in Resources */,
				7C0DBB79232BE480003669F6 /* Assets.xcassets in Resources */,
				7C0DBBB7232FB478003669F6 /* Dashboard.storyboard in Resources */,
				7C0DBBE32330B7B4003669F6 /* PackagesListing.storyboard in Resources */,
				7C0DBB7C232BE480003669F6 /* Main.storyboard in Resources */,
				7C0DBBC2232FB9B7003669F6 /* Countries.storyboard in Resources */,
			);
			runOnlyForDeploymentPostprocessing = 0;
		};
/* End PBXResourcesBuildPhase section */

/* Begin PBXShellScriptBuildPhase section */
		36FED3DE5E22EAD8D3CD7DCB /* [CP] Embed Pods Frameworks */ = {
			isa = PBXShellScriptBuildPhase;
			buildActionMask = 2147483647;
			files = (
			);
			inputFileListPaths = (
				"${PODS_ROOT}/Target Support Files/Pods-AtomBPC Demo OSX/Pods-AtomBPC Demo OSX-frameworks-${CONFIGURATION}-input-files.xcfilelist",
			);
			name = "[CP] Embed Pods Frameworks";
			outputFileListPaths = (
				"${PODS_ROOT}/Target Support Files/Pods-AtomBPC Demo OSX/Pods-AtomBPC Demo OSX-frameworks-${CONFIGURATION}-output-files.xcfilelist",
			);
			runOnlyForDeploymentPostprocessing = 0;
			shellPath = /bin/sh;
			shellScript = "\"${PODS_ROOT}/Target Support Files/Pods-AtomBPC Demo OSX/Pods-AtomBPC Demo OSX-frameworks.sh\"\n";
			showEnvVarsInLog = 0;
		};
		6DCA4EC48B8FEA9A03725E9C /* [CP] Check Pods Manifest.lock */ = {
			isa = PBXShellScriptBuildPhase;
			buildActionMask = 2147483647;
			files = (
			);
			inputFileListPaths = (
			);
			inputPaths = (
				"${PODS_PODFILE_DIR_PATH}/Podfile.lock",
				"${PODS_ROOT}/Manifest.lock",
			);
			name = "[CP] Check Pods Manifest.lock";
			outputFileListPaths = (
			);
			outputPaths = (
				"$(DERIVED_FILE_DIR)/Pods-AtomBPC Demo OSX-checkManifestLockResult.txt",
			);
			runOnlyForDeploymentPostprocessing = 0;
			shellPath = /bin/sh;
			shellScript = "diff \"${PODS_PODFILE_DIR_PATH}/Podfile.lock\" \"${PODS_ROOT}/Manifest.lock\" > /dev/null\nif [ $? != 0 ] ; then\n    # print error to STDERR\n    echo \"error: The sandbox is not in sync with the Podfile.lock. Run 'pod install' or update your CocoaPods installation.\" >&2\n    exit 1\nfi\n# This output is used by Xcode 'outputs' to avoid re-running this script phase.\necho \"SUCCESS\" > \"${SCRIPT_OUTPUT_FILE_0}\"\n";
			showEnvVarsInLog = 0;
		};
/* End PBXShellScriptBuildPhase section */

/* Begin PBXSourcesBuildPhase section */
		7C0DBB6D232BE47D003669F6 /* Sources */ = {
			isa = PBXSourcesBuildPhase;
			buildActionMask = 2147483647;
			files = (
				7C0DBBAC232F6606003669F6 /* BaseViewController.swift in Sources */,
				7C0DBB9F232F635F003669F6 /* TablePopoverSegue.swift in Sources */,
				7C0DBBD4232FD262003669F6 /* ConfigureProtocolsCell.swift in Sources */,
				7C0DBBA4232F635F003669F6 /* SplitViewSegue.swift in Sources */,
				7C0DBBD3232FD262003669F6 /* ProtocolsTableViewDataSource.swift in Sources */,
				7C888EEF2334A64400ED2E01 /* MainViewModel.swift in Sources */,
				7C0DBBBE232FB9AA003669F6 /* CountriesViewController.swift in Sources */,
				7C0DBBBB232FB489003669F6 /* DashboardViewModel.swift in Sources */,
				7C0DBBB1232F6757003669F6 /* DynamicBinding.swift in Sources */,
				7C0DBBF82332543E003669F6 /* VpnProtocolsServiceProtocol.swift in Sources */,
				7C0D78AE23325A5000DF7C52 /* PackagesService.swift in Sources */,
				7C0DBBC5232FB9C1003669F6 /* CountriesTableViewDataSource.swift in Sources */,
				7C0D78AC23325A2600DF7C52 /* CountriesService.swift in Sources */,
				7C0DBBFC23325463003669F6 /* CountriesServiceProtocol.swift in Sources */,
				7C0DBBD7232FD262003669F6 /* ProtocolsListingViewController.swift in Sources */,
				7C888EF42334ABD800ED2E01 /* CredentialsViewController.swift in Sources */,
				7C0DBBB4232FA82F003669F6 /* AtomValidation.swift in Sources */,
				7C0DBBE22330B7B4003669F6 /* ConfigurePackagesCell.swift in Sources */,
				7C0D78B023325B4200DF7C52 /* HelperMethods.swift in Sources */,
				7C0DBB9D232F635F003669F6 /* NSViewController+CustomSegue.swift in Sources */,
				7C0DBBDF2330B7B4003669F6 /* PackagesListingViewController.swift in Sources */,
				7C0DBBC6232FB9C1003669F6 /* ConfigureCountriesCell.swift in Sources */,
				7C0DBBC0232FB9B0003669F6 /* CountriesViewModel.swift in Sources */,
				7C0DBBE02330B7B4003669F6 /* PackagesTableViewDataSource.swift in Sources */,
				7C0DBBA2232F635F003669F6 /* DismissSegue.swift in Sources */,
				7C0DBBA3232F635F003669F6 /* PresentWithAnimatorSegue.swift in Sources */,
				7C0DBBAB232F6606003669F6 /* BaseViewModel.swift in Sources */,
				7C0DBBC9232FBB24003669F6 /* VPNManager.swift in Sources */,
				7C0DBB77232BE47D003669F6 /* MainViewController.swift in Sources */,
				7C0DBB9E232F635F003669F6 /* ReplaceWindowContentSegue.swift in Sources */,
				7C0DBBA5232F635F003669F6 /* TransitionAnimator.swift in Sources */,
				7C0DBBD6232FD262003669F6 /* ProtocolsListingViewModel.swift in Sources */,
				7C0DBBA1232F635F003669F6 /* ChildWindowSegue.swift in Sources */,
				7C0DBBAF232F66B6003669F6 /* Constants.swift in Sources */,
				7C0DBB75232BE47D003669F6 /* AppDelegate.swift in Sources */,
				7C0DBBA0232F635F003669F6 /* TransitionFromViewSegue.swift in Sources */,
				7C0DBBFA23325450003669F6 /* PackagesServiceProtocol.swift in Sources */,
				7C0DBBE12330B7B4003669F6 /* PackagesListingViewModel.swift in Sources */,
				7C0DBBFE233255AE003669F6 /* VpnProtocolsService.swift in Sources */,
				7C0DBBB9232FB480003669F6 /* DashboardViewController.swift in Sources */,
			);
			runOnlyForDeploymentPostprocessing = 0;
		};
/* End PBXSourcesBuildPhase section */

/* Begin PBXVariantGroup section */
		7C0DBB7A232BE480003669F6 /* Main.storyboard */ = {
			isa = PBXVariantGroup;
			children = (
				7C0DBB7B232BE480003669F6 /* Base */,
			);
			name = Main.storyboard;
			sourceTree = "<group>";
		};
/* End PBXVariantGroup section */

/* Begin XCBuildConfiguration section */
		7C0DBB7F232BE480003669F6 /* Debug */ = {
			isa = XCBuildConfiguration;
			buildSettings = {
				ALWAYS_SEARCH_USER_PATHS = NO;
				CLANG_ANALYZER_NONNULL = YES;
				CLANG_ANALYZER_NUMBER_OBJECT_CONVERSION = YES_AGGRESSIVE;
				CLANG_CXX_LANGUAGE_STANDARD = "gnu++14";
				CLANG_CXX_LIBRARY = "libc++";
				CLANG_ENABLE_MODULES = YES;
				CLANG_ENABLE_OBJC_ARC = YES;
				CLANG_ENABLE_OBJC_WEAK = YES;
				CLANG_WARN_BLOCK_CAPTURE_AUTORELEASING = YES;
				CLANG_WARN_BOOL_CONVERSION = YES;
				CLANG_WARN_COMMA = YES;
				CLANG_WARN_CONSTANT_CONVERSION = YES;
				CLANG_WARN_DEPRECATED_OBJC_IMPLEMENTATIONS = YES;
				CLANG_WARN_DIRECT_OBJC_ISA_USAGE = YES_ERROR;
				CLANG_WARN_DOCUMENTATION_COMMENTS = YES;
				CLANG_WARN_EMPTY_BODY = YES;
				CLANG_WARN_ENUM_CONVERSION = YES;
				CLANG_WARN_INFINITE_RECURSION = YES;
				CLANG_WARN_INT_CONVERSION = YES;
				CLANG_WARN_NON_LITERAL_NULL_CONVERSION = YES;
				CLANG_WARN_OBJC_IMPLICIT_RETAIN_SELF = YES;
				CLANG_WARN_OBJC_LITERAL_CONVERSION = YES;
				CLANG_WARN_OBJC_ROOT_CLASS = YES_ERROR;
				CLANG_WARN_RANGE_LOOP_ANALYSIS = YES;
				CLANG_WARN_STRICT_PROTOTYPES = YES;
				CLANG_WARN_SUSPICIOUS_MOVE = YES;
				CLANG_WARN_UNGUARDED_AVAILABILITY = YES_AGGRESSIVE;
				CLANG_WARN_UNREACHABLE_CODE = YES;
				CLANG_WARN__DUPLICATE_METHOD_MATCH = YES;
				CODE_SIGN_IDENTITY = "Mac Developer";
				COPY_PHASE_STRIP = NO;
				DEBUG_INFORMATION_FORMAT = dwarf;
				ENABLE_STRICT_OBJC_MSGSEND = YES;
				ENABLE_TESTABILITY = YES;
				GCC_C_LANGUAGE_STANDARD = gnu11;
				GCC_DYNAMIC_NO_PIC = NO;
				GCC_NO_COMMON_BLOCKS = YES;
				GCC_OPTIMIZATION_LEVEL = 0;
				GCC_PREPROCESSOR_DEFINITIONS = (
					"DEBUG=1",
					"$(inherited)",
				);
				GCC_WARN_64_TO_32_BIT_CONVERSION = YES;
				GCC_WARN_ABOUT_RETURN_TYPE = YES_ERROR;
				GCC_WARN_UNDECLARED_SELECTOR = YES;
				GCC_WARN_UNINITIALIZED_AUTOS = YES_AGGRESSIVE;
				GCC_WARN_UNUSED_FUNCTION = YES;
				GCC_WARN_UNUSED_VARIABLE = YES;
				MACOSX_DEPLOYMENT_TARGET = 10.12;
				MTL_ENABLE_DEBUG_INFO = INCLUDE_SOURCE;
				MTL_FAST_MATH = YES;
				ONLY_ACTIVE_ARCH = YES;
				SDKROOT = macosx;
				SWIFT_ACTIVE_COMPILATION_CONDITIONS = DEBUG;
				SWIFT_OPTIMIZATION_LEVEL = "-Onone";
			};
			name = Debug;
		};
		7C0DBB80232BE480003669F6 /* Release */ = {
			isa = XCBuildConfiguration;
			buildSettings = {
				ALWAYS_SEARCH_USER_PATHS = NO;
				CLANG_ANALYZER_NONNULL = YES;
				CLANG_ANALYZER_NUMBER_OBJECT_CONVERSION = YES_AGGRESSIVE;
				CLANG_CXX_LANGUAGE_STANDARD = "gnu++14";
				CLANG_CXX_LIBRARY = "libc++";
				CLANG_ENABLE_MODULES = YES;
				CLANG_ENABLE_OBJC_ARC = YES;
				CLANG_ENABLE_OBJC_WEAK = YES;
				CLANG_WARN_BLOCK_CAPTURE_AUTORELEASING = YES;
				CLANG_WARN_BOOL_CONVERSION = YES;
				CLANG_WARN_COMMA = YES;
				CLANG_WARN_CONSTANT_CONVERSION = YES;
				CLANG_WARN_DEPRECATED_OBJC_IMPLEMENTATIONS = YES;
				CLANG_WARN_DIRECT_OBJC_ISA_USAGE = YES_ERROR;
				CLANG_WARN_DOCUMENTATION_COMMENTS = YES;
				CLANG_WARN_EMPTY_BODY = YES;
				CLANG_WARN_ENUM_CONVERSION = YES;
				CLANG_WARN_INFINITE_RECURSION = YES;
				CLANG_WARN_INT_CONVERSION = YES;
				CLANG_WARN_NON_LITERAL_NULL_CONVERSION = YES;
				CLANG_WARN_OBJC_IMPLICIT_RETAIN_SELF = YES;
				CLANG_WARN_OBJC_LITERAL_CONVERSION = YES;
				CLANG_WARN_OBJC_ROOT_CLASS = YES_ERROR;
				CLANG_WARN_RANGE_LOOP_ANALYSIS = YES;
				CLANG_WARN_STRICT_PROTOTYPES = YES;
				CLANG_WARN_SUSPICIOUS_MOVE = YES;
				CLANG_WARN_UNGUARDED_AVAILABILITY = YES_AGGRESSIVE;
				CLANG_WARN_UNREACHABLE_CODE = YES;
				CLANG_WARN__DUPLICATE_METHOD_MATCH = YES;
				CODE_SIGN_IDENTITY = "Mac Developer";
				COPY_PHASE_STRIP = NO;
				DEBUG_INFORMATION_FORMAT = "dwarf-with-dsym";
				ENABLE_NS_ASSERTIONS = NO;
				ENABLE_STRICT_OBJC_MSGSEND = YES;
				GCC_C_LANGUAGE_STANDARD = gnu11;
				GCC_NO_COMMON_BLOCKS = YES;
				GCC_WARN_64_TO_32_BIT_CONVERSION = YES;
				GCC_WARN_ABOUT_RETURN_TYPE = YES_ERROR;
				GCC_WARN_UNDECLARED_SELECTOR = YES;
				GCC_WARN_UNINITIALIZED_AUTOS = YES_AGGRESSIVE;
				GCC_WARN_UNUSED_FUNCTION = YES;
				GCC_WARN_UNUSED_VARIABLE = YES;
				MACOSX_DEPLOYMENT_TARGET = 10.12;
				MTL_ENABLE_DEBUG_INFO = NO;
				MTL_FAST_MATH = YES;
				SDKROOT = macosx;
				SWIFT_COMPILATION_MODE = wholemodule;
				SWIFT_OPTIMIZATION_LEVEL = "-O";
			};
			name = Release;
		};
		7C0DBB82232BE480003669F6 /* Debug */ = {
			isa = XCBuildConfiguration;
			baseConfigurationReference = 6FCD022908780A14DF61132F /* Pods-AtomBPC Demo OSX.debug.xcconfig */;
			buildSettings = {
				ASSETCATALOG_COMPILER_APPICON_NAME = AppIcon;
				CODE_SIGN_ENTITLEMENTS = "AtomBPC Demo OSX/AtomBPC Demo OSX.entitlements";
				CODE_SIGN_STYLE = Automatic;
				COMBINE_HIDPI_IMAGES = YES;
				DEVELOPMENT_TEAM = 4H849Z7V2K;
				INFOPLIST_FILE = "AtomBPC Demo OSX/Info.plist";
				LD_RUNPATH_SEARCH_PATHS = (
					"$(inherited)",
					"@executable_path/../Frameworks",
				);
				MACOSX_DEPLOYMENT_TARGET = 10.12;
				PRODUCT_BUNDLE_IDENTIFIER = "com.AtomBPC-Demo-OSX";
				PRODUCT_NAME = "$(TARGET_NAME)";
				SWIFT_VERSION = 4.2;
			};
			name = Debug;
		};
		7C0DBB83232BE480003669F6 /* Release */ = {
			isa = XCBuildConfiguration;
			baseConfigurationReference = 4A87887EC6313E28B3F334B2 /* Pods-AtomBPC Demo OSX.release.xcconfig */;
			buildSettings = {
				ASSETCATALOG_COMPILER_APPICON_NAME = AppIcon;
				CODE_SIGN_ENTITLEMENTS = "AtomBPC Demo OSX/AtomBPC Demo OSX.entitlements";
				CODE_SIGN_STYLE = Automatic;
				COMBINE_HIDPI_IMAGES = YES;
				DEVELOPMENT_TEAM = 4H849Z7V2K;
				INFOPLIST_FILE = "AtomBPC Demo OSX/Info.plist";
				LD_RUNPATH_SEARCH_PATHS = (
					"$(inherited)",
					"@executable_path/../Frameworks",
				);
				MACOSX_DEPLOYMENT_TARGET = 10.12;
				PRODUCT_BUNDLE_IDENTIFIER = "com.AtomBPC-Demo-OSX";
				PRODUCT_NAME = "$(TARGET_NAME)";
				SWIFT_VERSION = 4.2;
			};
			name = Release;
		};
/* End XCBuildConfiguration section */

/* Begin XCConfigurationList section */
		7C0DBB6C232BE47D003669F6 /* Build configuration list for PBXProject "AtomBPC Demo OSX" */ = {
			isa = XCConfigurationList;
			buildConfigurations = (
				7C0DBB7F232BE480003669F6 /* Debug */,
				7C0DBB80232BE480003669F6 /* Release */,
			);
			defaultConfigurationIsVisible = 0;
			defaultConfigurationName = Release;
		};
		7C0DBB81232BE480003669F6 /* Build configuration list for PBXNativeTarget "AtomBPC Demo OSX" */ = {
			isa = XCConfigurationList;
			buildConfigurations = (
				7C0DBB82232BE480003669F6 /* Debug */,
				7C0DBB83232BE480003669F6 /* Release */,
			);
			defaultConfigurationIsVisible = 0;
			defaultConfigurationName = Release;
		};
/* End XCConfigurationList section */
	};
	rootObject = 7C0DBB69232BE47D003669F6 /* Project object */;
}
